
Microsoft Visual Studio Solution File, Format Version 12.00
# Visual Studio Version 16
VisualStudioVersion = 16.0.31624.102
MinimumVisualStudioVersion = 10.0.40219.1
Project("{888888A0-9F3D-457C-B088-3A5042F75D52}") = "PenaKecil-main", "PenaKecil-main.pyproj", "{43D88A0C-6184-4040-9264-FF97593365A5}"
EndProject
Global
	GlobalSection(SolutionConfigurationPlatforms) = preSolution
		Debug|Any CPU = Debug|Any CPU
		Release|Any CPU = Release|Any CPU
	EndGlobalSection
	GlobalSection(ProjectConfigurationPlatforms) = postSolution
		{43D88A0C-6184-4040-9264-FF97593365A5}.Debug|Any CPU.ActiveCfg = Debug|Any CPU
		{43D88A0C-6184-4040-9264-FF97593365A5}.Release|Any CPU.ActiveCfg = Release|Any CPU
	EndGlobalSection
	GlobalSection(SolutionProperties) = preSolution
		HideSolutionNode = FALSE
	EndGlobalSection
	GlobalSection(ExtensibilityGlobals) = postSolution
		SolutionGuid = {CC90B795-3BF0-4AE4-8A25-694F0DB4C14D}
	EndGlobalSection
EndGlobal
